
Microsoft Visual Studio Solution File, Format Version 12.00
# Visual Studio 15
VisualStudioVersion = 15.0.26127.0
MinimumVisualStudioVersion = 10.0.40219.1
Project("{FAE04EC0-301F-11D3-BF4B-00C04F79EFBC}") = "XamarinFiestaCognitive.Droid", "XamarinFiestaCognitive\XamarinFiestaCognitive.Droid\XamarinFiestaCognitive.Droid.csproj", "{8605E89C-ED3D-498C-86F0-BA8769F849AF}"
EndProject
Project("{FAE04EC0-301F-11D3-BF4B-00C04F79EFBC}") = "XamarinFiestaCognitive", "XamarinFiestaCognitive\XamarinFiestaCognitive\XamarinFiestaCognitive.csproj", "{F784DEE6-3034-4323-9B07-33E5C073FC4E}"
EndProject
Project("{FAE04EC0-301F-11D3-BF4B-00C04F79EFBC}") = "XamarinFiestaCognitive.UWP", "XamarinFiestaCognitive\XamarinFiestaCognitive.UWP\XamarinFiestaCognitive.UWP.csproj", "{C84EDB51-5B2A-4C7A-BAEC-4D4909E9BC1F}"
EndProject
Project("{FAE04EC0-301F-11D3-BF4B-00C04F79EFBC}") = "XamarinFiestaCognitive.iOS", "XamarinFiestaCognitive\XamarinFiestaCognitive.iOS\XamarinFiestaCognitive.iOS.csproj", "{E4A3A9C9-7BE3-4E19-935E-FB3724399157}"
EndProject
Global
	GlobalSection(SolutionConfigurationPlatforms) = preSolution
		Ad-Hoc|Any CPU = Ad-Hoc|Any CPU
		Ad-Hoc|ARM = Ad-Hoc|ARM
		Ad-Hoc|iPhone = Ad-Hoc|iPhone
		Ad-Hoc|iPhoneSimulator = Ad-Hoc|iPhoneSimulator
		Ad-Hoc|x64 = Ad-Hoc|x64
		Ad-Hoc|x86 = Ad-Hoc|x86
		AppStore|Any CPU = AppStore|Any CPU
		AppStore|ARM = AppStore|ARM
		AppStore|iPhone = AppStore|iPhone
		AppStore|iPhoneSimulator = AppStore|iPhoneSimulator
		AppStore|x64 = AppStore|x64
		AppStore|x86 = AppStore|x86
		Debug|Any CPU = Debug|Any CPU
		Debug|ARM = Debug|ARM
		Debug|iPhone = Debug|iPhone
		Debug|iPhoneSimulator = Debug|iPhoneSimulator
		Debug|x64 = Debug|x64
		Debug|x86 = Debug|x86
		Release|Any CPU = Release|Any CPU
		Release|ARM = Release|ARM
		Release|iPhone = Release|iPhone
		Release|iPhoneSimulator = Release|iPhoneSimulator
		Release|x64 = Release|x64
		Release|x86 = Release|x86
	EndGlobalSection
	GlobalSection(ProjectConfigurationPlatforms) = postSolution
		{8605E89C-ED3D-498C-86F0-BA8769F849AF}.Ad-Hoc|Any CPU.ActiveCfg = Release|Any CPU
		{8605E89C-ED3D-498C-86F0-BA8769F849AF}.Ad-Hoc|Any CPU.Build.0 = Release|Any CPU
		{8605E89C-ED3D-498C-86F0-BA8769F849AF}.Ad-Hoc|Any CPU.Deploy.0 = Release|Any CPU
		{8605E89C-ED3D-498C-86F0-BA8769F849AF}.Ad-Hoc|ARM.ActiveCfg = Release|Any CPU
		{8605E89C-ED3D-498C-86F0-BA8769F849AF}.Ad-Hoc|ARM.Build.0 = Release|Any CPU
		{8605E89C-ED3D-498C-86F0-BA8769F849AF}.Ad-Hoc|ARM.Deploy.0 = Release|Any CPU
		{8605E89C-ED3D-498C-86F0-BA8769F849AF}.Ad-Hoc|iPhone.ActiveCfg = Release|Any CPU
		{8605E89C-ED3D-498C-86F0-BA8769F849AF}.Ad-Hoc|iPhone.Build.0 = Release|Any CPU
		{8605E89C-ED3D-498C-86F0-BA8769F849AF}.Ad-Hoc|iPhone.Deploy.0 = Release|Any CPU
		{8605E89C-ED3D-498C-86F0-BA8769F849AF}.Ad-Hoc|iPhoneSimulator.ActiveCfg = Release|Any CPU
		{8605E89C-ED3D-498C-86F0-BA8769F849AF}.Ad-Hoc|iPhoneSimulator.Build.0 = Release|Any CPU
		{8605E89C-ED3D-498C-86F0-BA8769F849AF}.Ad-Hoc|iPhoneSimulator.Deploy.0 = Release|Any CPU
		{8605E89C-ED3D-498C-86F0-BA8769F849AF}.Ad-Hoc|x64.ActiveCfg = Release|Any CPU
		{8605E89C-ED3D-498C-86F0-BA8769F849AF}.Ad-Hoc|x64.Build.0 = Release|Any CPU
		{8605E89C-ED3D-498C-86F0-BA8769F849AF}.Ad-Hoc|x64.Deploy.0 = Release|Any CPU
		{8605E89C-ED3D-498C-86F0-BA8769F849AF}.Ad-Hoc|x86.ActiveCfg = Release|Any CPU
		{8605E89C-ED3D-498C-86F0-BA8769F849AF}.Ad-Hoc|x86.Build.0 = Release|Any CPU
		{8605E89C-ED3D-498C-86F0-BA8769F849AF}.Ad-Hoc|x86.Deploy.0 = Release|Any CPU
		{8605E89C-ED3D-498C-86F0-BA8769F849AF}.AppStore|Any CPU.ActiveCfg = Release|Any CPU
		{8605E89C-ED3D-498C-86F0-BA8769F849AF}.AppStore|Any CPU.Build.0 = Release|Any CPU
		{8605E89C-ED3D-498C-86F0-BA8769F849AF}.AppStore|Any CPU.Deploy.0 = Release|Any CPU
		{8605E89C-ED3D-498C-86F0-BA8769F849AF}.AppStore|ARM.ActiveCfg = Release|Any CPU
		{8605E89C-ED3D-498C-86F0-BA8769F849AF}.AppStore|ARM.Build.0 = Release|Any CPU
		{8605E89C-ED3D-498C-86F0-BA8769F849AF}.AppStore|ARM.Deploy.0 = Release|Any CPU
		{8605E89C-ED3D-498C-86F0-BA8769F849AF}.AppStore|iPhone.ActiveCfg = Release|Any CPU
		{8605E89C-ED3D-498C-86F0-BA8769F849AF}.AppStore|iPhone.Build.0 = Release|Any CPU
		{8605E89C-ED3D-498C-86F0-BA8769F849AF}.AppStore|iPhone.Deploy.0 = Release|Any CPU
		{8605E89C-ED3D-498C-86F0-BA8769F849AF}.AppStore|iPhoneSimulator.ActiveCfg = Release|Any CPU
		{8605E89C-ED3D-498C-86F0-BA8769F849AF}.AppStore|iPhoneSimulator.Build.0 = Release|Any CPU
		{8605E89C-ED3D-498C-86F0-BA8769F849AF}.AppStore|iPhoneSimulator.Deploy.0 = Release|Any CPU
		{8605E89C-ED3D-498C-86F0-BA8769F849AF}.AppStore|x64.ActiveCfg = Release|Any CPU
		{8605E89C-ED3D-498C-86F0-BA8769F849AF}.AppStore|x64.Build.0 = Release|Any CPU
		{8605E89C-ED3D-498C-86F0-BA8769F849AF}.AppStore|x64.Deploy.0 = Release|Any CPU
		{8605E89C-ED3D-498C-86F0-BA8769F849AF}.AppStore|x86.ActiveCfg = Release|Any CPU
		{8605E89C-ED3D-498C-86F0-BA8769F849AF}.AppStore|x86.Build.0 = Release|Any CPU
		{8605E89C-ED3D-498C-86F0-BA8769F849AF}.AppStore|x86.Deploy.0 = Release|Any CPU
		{8605E89C-ED3D-498C-86F0-BA8769F849AF}.Debug|Any CPU.ActiveCfg = Debug|Any CPU
		{8605E89C-ED3D-498C-86F0-BA8769F849AF}.Debug|Any CPU.Build.0 = Debug|Any CPU
		{8605E89C-ED3D-498C-86F0-BA8769F849AF}.Debug|Any CPU.Deploy.0 = Debug|Any CPU
		{8605E89C-ED3D-498C-86F0-BA8769F849AF}.Debug|ARM.ActiveCfg = Debug|Any CPU
		{8605E89C-ED3D-498C-86F0-BA8769F849AF}.Debug|ARM.Build.0 = Debug|Any CPU
		{8605E89C-ED3D-498C-86F0-BA8769F849AF}.Debug|ARM.Deploy.0 = Debug|Any CPU
		{8605E89C-ED3D-498C-86F0-BA8769F849AF}.Debug|iPhone.ActiveCfg = Debug|Any CPU
		{8605E89C-ED3D-498C-86F0-BA8769F849AF}.Debug|iPhone.Build.0 = Debug|Any CPU
		{8605E89C-ED3D-498C-86F0-BA8769F849AF}.Debug|iPhone.Deploy.0 = Debug|Any CPU
		{8605E89C-ED3D-498C-86F0-BA8769F849AF}.Debug|iPhoneSimulator.ActiveCfg = Debug|Any CPU
		{8605E89C-ED3D-498C-86F0-BA8769F849AF}.Debug|iPhoneSimulator.Build.0 = Debug|Any CPU
		{8605E89C-ED3D-498C-86F0-BA8769F849AF}.Debug|iPhoneSimulator.Deploy.0 = Debug|Any CPU
		{8605E89C-ED3D-498C-86F0-BA8769F849AF}.Debug|x64.ActiveCfg = Debug|Any CPU
		{8605E89C-ED3D-498C-86F0-BA8769F849AF}.Debug|x64.Build.0 = Debug|Any CPU
		{8605E89C-ED3D-498C-86F0-BA8769F849AF}.Debug|x64.Deploy.0 = Debug|Any CPU
		{8605E89C-ED3D-498C-86F0-BA8769F849AF}.Debug|x86.ActiveCfg = Debug|Any CPU
		{8605E89C-ED3D-498C-86F0-BA8769F849AF}.Debug|x86.Build.0 = Debug|Any CPU
		{8605E89C-ED3D-498C-86F0-BA8769F849AF}.Debug|x86.Deploy.0 = Debug|Any CPU
		{8605E89C-ED3D-498C-86F0-BA8769F849AF}.Release|Any CPU.ActiveCfg = Release|Any CPU
		{8605E89C-ED3D-498C-86F0-BA8769F849AF}.Release|Any CPU.Build.0 = Release|Any CPU
		{8605E89C-ED3D-498C-86F0-BA8769F849AF}.Release|Any CPU.Deploy.0 = Release|Any CPU
		{8605E89C-ED3D-498C-86F0-BA8769F849AF}.Release|ARM.ActiveCfg = Release|Any CPU
		{8605E89C-ED3D-498C-86F0-BA8769F849AF}.Release|ARM.Build.0 = Release|Any CPU
		{8605E89C-ED3D-498C-86F0-BA8769F849AF}.Release|ARM.Deploy.0 = Release|Any CPU
		{8605E89C-ED3D-498C-86F0-BA8769F849AF}.Release|iPhone.ActiveCfg = Release|Any CPU
		{8605E89C-ED3D-498C-86F0-BA8769F849AF}.Release|iPhone.Build.0 = Release|Any CPU
		{8605E89C-ED3D-498C-86F0-BA8769F849AF}.Release|iPhone.Deploy.0 = Release|Any CPU
		{8605E89C-ED3D-498C-86F0-BA8769F849AF}.Release|iPhoneSimulator.ActiveCfg = Release|Any CPU
		{8605E89C-ED3D-498C-86F0-BA8769F849AF}.Release|iPhoneSimulator.Build.0 = Release|Any CPU
		{8605E89C-ED3D-498C-86F0-BA8769F849AF}.Release|iPhoneSimulator.Deploy.0 = Release|Any CPU
		{8605E89C-ED3D-498C-86F0-BA8769F849AF}.Release|x64.ActiveCfg = Release|Any CPU
		{8605E89C-ED3D-498C-86F0-BA8769F849AF}.Release|x64.Build.0 = Release|Any CPU
		{8605E89C-ED3D-498C-86F0-BA8769F849AF}.Release|x64.Deploy.0 = Release|Any CPU
		{8605E89C-ED3D-498C-86F0-BA8769F849AF}.Release|x86.ActiveCfg = Release|Any CPU
		{8605E89C-ED3D-498C-86F0-BA8769F849AF}.Release|x86.Build.0 = Release|Any CPU
		{8605E89C-ED3D-498C-86F0-BA8769F849AF}.Release|x86.Deploy.0 = Release|Any CPU
		{F784DEE6-3034-4323-9B07-33E5C073FC4E}.Ad-Hoc|Any CPU.ActiveCfg = Release|Any CPU
		{F784DEE6-3034-4323-9B07-33E5C073FC4E}.Ad-Hoc|Any CPU.Build.0 = Release|Any CPU
		{F784DEE6-3034-4323-9B07-33E5C073FC4E}.Ad-Hoc|ARM.ActiveCfg = Release|Any CPU
		{F784DEE6-3034-4323-9B07-33E5C073FC4E}.Ad-Hoc|ARM.Build.0 = Release|Any CPU
		{F784DEE6-3034-4323-9B07-33E5C073FC4E}.Ad-Hoc|iPhone.ActiveCfg = Release|Any CPU
		{F784DEE6-3034-4323-9B07-33E5C073FC4E}.Ad-Hoc|iPhone.Build.0 = Release|Any CPU
		{F784DEE6-3034-4323-9B07-33E5C073FC4E}.Ad-Hoc|iPhoneSimulator.ActiveCfg = Release|Any CPU
		{F784DEE6-3034-4323-9B07-33E5C073FC4E}.Ad-Hoc|iPhoneSimulator.Build.0 = Release|Any CPU
		{F784DEE6-3034-4323-9B07-33E5C073FC4E}.Ad-Hoc|x64.ActiveCfg = Release|Any CPU
		{F784DEE6-3034-4323-9B07-33E5C073FC4E}.Ad-Hoc|x64.Build.0 = Release|Any CPU
		{F784DEE6-3034-4323-9B07-33E5C073FC4E}.Ad-Hoc|x86.ActiveCfg = Release|Any CPU
		{F784DEE6-3034-4323-9B07-33E5C073FC4E}.Ad-Hoc|x86.Build.0 = Release|Any CPU
		{F784DEE6-3034-4323-9B07-33E5C073FC4E}.AppStore|Any CPU.ActiveCfg = Release|Any CPU
		{F784DEE6-3034-4323-9B07-33E5C073FC4E}.AppStore|Any CPU.Build.0 = Release|Any CPU
		{F784DEE6-3034-4323-9B07-33E5C073FC4E}.AppStore|ARM.ActiveCfg = Release|Any CPU
		{F784DEE6-3034-4323-9B07-33E5C073FC4E}.AppStore|ARM.Build.0 = Release|Any CPU
		{F784DEE6-3034-4323-9B07-33E5C073FC4E}.AppStore|iPhone.ActiveCfg = Release|Any CPU
		{F784DEE6-3034-4323-9B07-33E5C073FC4E}.AppStore|iPhone.Build.0 = Release|Any CPU
		{F784DEE6-3034-4323-9B07-33E5C073FC4E}.AppStore|iPhoneSimulator.ActiveCfg = Release|Any CPU
		{F784DEE6-3034-4323-9B07-33E5C073FC4E}.AppStore|iPhoneSimulator.Build.0 = Release|Any CPU
		{F784DEE6-3034-4323-9B07-33E5C073FC4E}.AppStore|x64.ActiveCfg = Release|Any CPU
		{F784DEE6-3034-4323-9B07-33E5C073FC4E}.AppStore|x64.Build.0 = Release|Any CPU
		{F784DEE6-3034-4323-9B07-33E5C073FC4E}.AppStore|x86.ActiveCfg = Release|Any CPU
		{F784DEE6-3034-4323-9B07-33E5C073FC4E}.AppStore|x86.Build.0 = Release|Any CPU
		{F784DEE6-3034-4323-9B07-33E5C073FC4E}.Debug|Any CPU.ActiveCfg = Debug|Any CPU
		{F784DEE6-3034-4323-9B07-33E5C073FC4E}.Debug|Any CPU.Build.0 = Debug|Any CPU
		{F784DEE6-3034-4323-9B07-33E5C073FC4E}.Debug|ARM.ActiveCfg = Debug|Any CPU
		{F784DEE6-3034-4323-9B07-33E5C073FC4E}.Debug|ARM.Build.0 = Debug|Any CPU
		{F784DEE6-3034-4323-9B07-33E5C073FC4E}.Debug|iPhone.ActiveCfg = Debug|Any CPU
		{F784DEE6-3034-4323-9B07-33E5C073FC4E}.Debug|iPhone.Build.0 = Debug|Any CPU
		{F784DEE6-3034-4323-9B07-33E5C073FC4E}.Debug|iPhoneSimulator.ActiveCfg = Debug|Any CPU
		{F784DEE6-3034-4323-9B07-33E5C073FC4E}.Debug|iPhoneSimulator.Build.0 = Debug|Any CPU
		{F784DEE6-3034-4323-9B07-33E5C073FC4E}.Debug|x64.ActiveCfg = Debug|Any CPU
		{F784DEE6-3034-4323-9B07-33E5C073FC4E}.Debug|x64.Build.0 = Debug|Any CPU
		{F784DEE6-3034-4323-9B07-33E5C073FC4E}.Debug|x86.ActiveCfg = Debug|Any CPU
		{F784DEE6-3034-4323-9B07-33E5C073FC4E}.Debug|x86.Build.0 = Debug|Any CPU
		{F784DEE6-3034-4323-9B07-33E5C073FC4E}.Release|Any CPU.ActiveCfg = Release|Any CPU
		{F784DEE6-3034-4323-9B07-33E5C073FC4E}.Release|Any CPU.Build.0 = Release|Any CPU
		{F784DEE6-3034-4323-9B07-33E5C073FC4E}.Release|ARM.ActiveCfg = Release|Any CPU
		{F784DEE6-3034-4323-9B07-33E5C073FC4E}.Release|ARM.Build.0 = Release|Any CPU
		{F784DEE6-3034-4323-9B07-33E5C073FC4E}.Release|iPhone.ActiveCfg = Release|Any CPU
		{F784DEE6-3034-4323-9B07-33E5C073FC4E}.Release|iPhone.Build.0 = Release|Any CPU
		{F784DEE6-3034-4323-9B07-33E5C073FC4E}.Release|iPhoneSimulator.ActiveCfg = Release|Any CPU
		{F784DEE6-3034-4323-9B07-33E5C073FC4E}.Release|iPhoneSimulator.Build.0 = Release|Any CPU
		{F784DEE6-3034-4323-9B07-33E5C073FC4E}.Release|x64.ActiveCfg = Release|Any CPU
		{F784DEE6-3034-4323-9B07-33E5C073FC4E}.Release|x64.Build.0 = Release|Any CPU
		{F784DEE6-3034-4323-9B07-33E5C073FC4E}.Release|x86.ActiveCfg = Release|Any CPU
		{F784DEE6-3034-4323-9B07-33E5C073FC4E}.Release|x86.Build.0 = Release|Any CPU
		{C84EDB51-5B2A-4C7A-BAEC-4D4909E9BC1F}.Ad-Hoc|Any CPU.ActiveCfg = Release|x86
		{C84EDB51-5B2A-4C7A-BAEC-4D4909E9BC1F}.Ad-Hoc|Any CPU.Build.0 = Release|x86
		{C84EDB51-5B2A-4C7A-BAEC-4D4909E9BC1F}.Ad-Hoc|Any CPU.Deploy.0 = Release|x86
		{C84EDB51-5B2A-4C7A-BAEC-4D4909E9BC1F}.Ad-Hoc|ARM.ActiveCfg = Release|ARM
		{C84EDB51-5B2A-4C7A-BAEC-4D4909E9BC1F}.Ad-Hoc|ARM.Build.0 = Release|ARM
		{C84EDB51-5B2A-4C7A-BAEC-4D4909E9BC1F}.Ad-Hoc|ARM.Deploy.0 = Release|ARM
		{C84EDB51-5B2A-4C7A-BAEC-4D4909E9BC1F}.Ad-Hoc|iPhone.ActiveCfg = Release|x86
		{C84EDB51-5B2A-4C7A-BAEC-4D4909E9BC1F}.Ad-Hoc|iPhone.Build.0 = Release|x86
		{C84EDB51-5B2A-4C7A-BAEC-4D4909E9BC1F}.Ad-Hoc|iPhone.Deploy.0 = Release|x86
		{C84EDB51-5B2A-4C7A-BAEC-4D4909E9BC1F}.Ad-Hoc|iPhoneSimulator.ActiveCfg = Release|x86
		{C84EDB51-5B2A-4C7A-BAEC-4D4909E9BC1F}.Ad-Hoc|iPhoneSimulator.Build.0 = Release|x86
		{C84EDB51-5B2A-4C7A-BAEC-4D4909E9BC1F}.Ad-Hoc|iPhoneSimulator.Deploy.0 = Release|x86
		{C84EDB51-5B2A-4C7A-BAEC-4D4909E9BC1F}.Ad-Hoc|x64.ActiveCfg = Release|x64
		{C84EDB51-5B2A-4C7A-BAEC-4D4909E9BC1F}.Ad-Hoc|x64.Build.0 = Release|x64
		{C84EDB51-5B2A-4C7A-BAEC-4D4909E9BC1F}.Ad-Hoc|x64.Deploy.0 = Release|x64
		{C84EDB51-5B2A-4C7A-BAEC-4D4909E9BC1F}.Ad-Hoc|x86.ActiveCfg = Release|x86
		{C84EDB51-5B2A-4C7A-BAEC-4D4909E9BC1F}.Ad-Hoc|x86.Build.0 = Release|x86
		{C84EDB51-5B2A-4C7A-BAEC-4D4909E9BC1F}.Ad-Hoc|x86.Deploy.0 = Release|x86
		{C84EDB51-5B2A-4C7A-BAEC-4D4909E9BC1F}.AppStore|Any CPU.ActiveCfg = Release|x86
		{C84EDB51-5B2A-4C7A-BAEC-4D4909E9BC1F}.AppStore|Any CPU.Build.0 = Release|x86
		{C84EDB51-5B2A-4C7A-BAEC-4D4909E9BC1F}.AppStore|Any CPU.Deploy.0 = Release|x86
		{C84EDB51-5B2A-4C7A-BAEC-4D4909E9BC1F}.AppStore|ARM.ActiveCfg = Release|ARM
		{C84EDB51-5B2A-4C7A-BAEC-4D4909E9BC1F}.AppStore|ARM.Build.0 = Release|ARM
		{C84EDB51-5B2A-4C7A-BAEC-4D4909E9BC1F}.AppStore|ARM.Deploy.0 = Release|ARM
		{C84EDB51-5B2A-4C7A-BAEC-4D4909E9BC1F}.AppStore|iPhone.ActiveCfg = Release|x86
		{C84EDB51-5B2A-4C7A-BAEC-4D4909E9BC1F}.AppStore|iPhone.Build.0 = Release|x86
		{C84EDB51-5B2A-4C7A-BAEC-4D4909E9BC1F}.AppStore|iPhone.Deploy.0 = Release|x86
		{C84EDB51-5B2A-4C7A-BAEC-4D4909E9BC1F}.AppStore|iPhoneSimulator.ActiveCfg = Release|x86
		{C84EDB51-5B2A-4C7A-BAEC-4D4909E9BC1F}.AppStore|iPhoneSimulator.Build.0 = Release|x86
		{C84EDB51-5B2A-4C7A-BAEC-4D4909E9BC1F}.AppStore|iPhoneSimulator.Deploy.0 = Release|x86
		{C84EDB51-5B2A-4C7A-BAEC-4D4909E9BC1F}.AppStore|x64.ActiveCfg = Release|x64
		{C84EDB51-5B2A-4C7A-BAEC-4D4909E9BC1F}.AppStore|x64.Build.0 = Release|x64
		{C84EDB51-5B2A-4C7A-BAEC-4D4909E9BC1F}.AppStore|x64.Deploy.0 = Release|x64
		{C84EDB51-5B2A-4C7A-BAEC-4D4909E9BC1F}.AppStore|x86.ActiveCfg = Release|x86
		{C84EDB51-5B2A-4C7A-BAEC-4D4909E9BC1F}.AppStore|x86.Build.0 = Release|x86
		{C84EDB51-5B2A-4C7A-BAEC-4D4909E9BC1F}.AppStore|x86.Deploy.0 = Release|x86
		{C84EDB51-5B2A-4C7A-BAEC-4D4909E9BC1F}.Debug|Any CPU.ActiveCfg = Debug|x86
		{C84EDB51-5B2A-4C7A-BAEC-4D4909E9BC1F}.Debug|ARM.ActiveCfg = Debug|ARM
		{C84EDB51-5B2A-4C7A-BAEC-4D4909E9BC1F}.Debug|ARM.Build.0 = Debug|ARM
		{C84EDB51-5B2A-4C7A-BAEC-4D4909E9BC1F}.Debug|ARM.Deploy.0 = Debug|ARM
		{C84EDB51-5B2A-4C7A-BAEC-4D4909E9BC1F}.Debug|iPhone.ActiveCfg = Debug|x86
		{C84EDB51-5B2A-4C7A-BAEC-4D4909E9BC1F}.Debug|iPhoneSimulator.ActiveCfg = Debug|x86
		{C84EDB51-5B2A-4C7A-BAEC-4D4909E9BC1F}.Debug|x64.ActiveCfg = Debug|x64
		{C84EDB51-5B2A-4C7A-BAEC-4D4909E9BC1F}.Debug|x64.Build.0 = Debug|x64
		{C84EDB51-5B2A-4C7A-BAEC-4D4909E9BC1F}.Debug|x64.Deploy.0 = Debug|x64
		{C84EDB51-5B2A-4C7A-BAEC-4D4909E9BC1F}.Debug|x86.ActiveCfg = Debug|x86
		{C84EDB51-5B2A-4C7A-BAEC-4D4909E9BC1F}.Debug|x86.Build.0 = Debug|x86
		{C84EDB51-5B2A-4C7A-BAEC-4D4909E9BC1F}.Debug|x86.Deploy.0 = Debug|x86
		{C84EDB51-5B2A-4C7A-BAEC-4D4909E9BC1F}.Release|Any CPU.ActiveCfg = Release|x86
		{C84EDB51-5B2A-4C7A-BAEC-4D4909E9BC1F}.Release|ARM.ActiveCfg = Release|ARM
		{C84EDB51-5B2A-4C7A-BAEC-4D4909E9BC1F}.Release|ARM.Build.0 = Release|ARM
		{C84EDB51-5B2A-4C7A-BAEC-4D4909E9BC1F}.Release|ARM.Deploy.0 = Release|ARM
		{C84EDB51-5B2A-4C7A-BAEC-4D4909E9BC1F}.Release|iPhone.ActiveCfg = Release|x86
		{C84EDB51-5B2A-4C7A-BAEC-4D4909E9BC1F}.Release|iPhoneSimulator.ActiveCfg = Release|x86
		{C84EDB51-5B2A-4C7A-BAEC-4D4909E9BC1F}.Release|x64.ActiveCfg = Release|x64
		{C84EDB51-5B2A-4C7A-BAEC-4D4909E9BC1F}.Release|x64.Build.0 = Release|x64
		{C84EDB51-5B2A-4C7A-BAEC-4D4909E9BC1F}.Release|x64.Deploy.0 = Release|x64
		{C84EDB51-5B2A-4C7A-BAEC-4D4909E9BC1F}.Release|x86.ActiveCfg = Release|x86
		{C84EDB51-5B2A-4C7A-BAEC-4D4909E9BC1F}.Release|x86.Build.0 = Release|x86
		{C84EDB51-5B2A-4C7A-BAEC-4D4909E9BC1F}.Release|x86.Deploy.0 = Release|x86
		{E4A3A9C9-7BE3-4E19-935E-FB3724399157}.Ad-Hoc|Any CPU.ActiveCfg = Ad-Hoc|iPhone
		{E4A3A9C9-7BE3-4E19-935E-FB3724399157}.Ad-Hoc|ARM.ActiveCfg = Ad-Hoc|iPhone
		{E4A3A9C9-7BE3-4E19-935E-FB3724399157}.Ad-Hoc|iPhone.ActiveCfg = Ad-Hoc|iPhone
		{E4A3A9C9-7BE3-4E19-935E-FB3724399157}.Ad-Hoc|iPhone.Build.0 = Ad-Hoc|iPhone
		{E4A3A9C9-7BE3-4E19-935E-FB3724399157}.Ad-Hoc|iPhoneSimulator.ActiveCfg = Ad-Hoc|iPhoneSimulator
		{E4A3A9C9-7BE3-4E19-935E-FB3724399157}.Ad-Hoc|iPhoneSimulator.Build.0 = Ad-Hoc|iPhoneSimulator
		{E4A3A9C9-7BE3-4E19-935E-FB3724399157}.Ad-Hoc|x64.ActiveCfg = Ad-Hoc|iPhone
		{E4A3A9C9-7BE3-4E19-935E-FB3724399157}.Ad-Hoc|x86.ActiveCfg = Ad-Hoc|iPhone
		{E4A3A9C9-7BE3-4E19-935E-FB3724399157}.AppStore|Any CPU.ActiveCfg = AppStore|iPhone
		{E4A3A9C9-7BE3-4E19-935E-FB3724399157}.AppStore|ARM.ActiveCfg = AppStore|iPhone
		{E4A3A9C9-7BE3-4E19-935E-FB3724399157}.AppStore|iPhone.ActiveCfg = AppStore|iPhone
		{E4A3A9C9-7BE3-4E19-935E-FB3724399157}.AppStore|iPhone.Build.0 = AppStore|iPhone
		{E4A3A9C9-7BE3-4E19-935E-FB3724399157}.AppStore|iPhoneSimulator.ActiveCfg = AppStore|iPhoneSimulator
		{E4A3A9C9-7BE3-4E19-935E-FB3724399157}.AppStore|iPhoneSimulator.Build.0 = AppStore|iPhoneSimulator
		{E4A3A9C9-7BE3-4E19-935E-FB3724399157}.AppStore|x64.ActiveCfg = AppStore|iPhone
		{E4A3A9C9-7BE3-4E19-935E-FB3724399157}.AppStore|x86.ActiveCfg = AppStore|iPhone
		{E4A3A9C9-7BE3-4E19-935E-FB3724399157}.Debug|Any CPU.ActiveCfg = Debug|iPhone
		{E4A3A9C9-7BE3-4E19-935E-FB3724399157}.Debug|ARM.ActiveCfg = Debug|iPhone
		{E4A3A9C9-7BE3-4E19-935E-FB3724399157}.Debug|iPhone.ActiveCfg = Debug|iPhone
		{E4A3A9C9-7BE3-4E19-935E-FB3724399157}.Debug|iPhone.Build.0 = Debug|iPhone
		{E4A3A9C9-7BE3-4E19-935E-FB3724399157}.Debug|iPhoneSimulator.ActiveCfg = Debug|iPhoneSimulator
		{E4A3A9C9-7BE3-4E19-935E-FB3724399157}.Debug|iPhoneSimulator.Build.0 = Debug|iPhoneSimulator
		{E4A3A9C9-7BE3-4E19-935E-FB3724399157}.Debug|x64.ActiveCfg = Debug|iPhone
		{E4A3A9C9-7BE3-4E19-935E-FB3724399157}.Debug|x86.ActiveCfg = Debug|iPhone
		{E4A3A9C9-7BE3-4E19-935E-FB3724399157}.Release|Any CPU.ActiveCfg = Release|iPhone
		{E4A3A9C9-7BE3-4E19-935E-FB3724399157}.Release|ARM.ActiveCfg = Release|iPhone
		{E4A3A9C9-7BE3-4E19-935E-FB3724399157}.Release|iPhone.ActiveCfg = Release|iPhone
		{E4A3A9C9-7BE3-4E19-935E-FB3724399157}.Release|iPhone.Build.0 = Release|iPhone
		{E4A3A9C9-7BE3-4E19-935E-FB3724399157}.Release|iPhoneSimulator.ActiveCfg = Release|iPhoneSimulator
		{E4A3A9C9-7BE3-4E19-935E-FB3724399157}.Release|iPhoneSimulator.Build.0 = Release|iPhoneSimulator
		{E4A3A9C9-7BE3-4E19-935E-FB3724399157}.Release|x64.ActiveCfg = Release|iPhone
		{E4A3A9C9-7BE3-4E19-935E-FB3724399157}.Release|x86.ActiveCfg = Release|iPhone
	EndGlobalSection
	GlobalSection(SolutionProperties) = preSolution
		HideSolutionNode = FALSE
	EndGlobalSection
EndGlobal
