
Microsoft Visual Studio Solution File, Format Version 12.00
# Visual Studio 15
VisualStudioVersion = 15.0.26228.4
MinimumVisualStudioVersion = 10.0.40219.1
Project("{FAE04EC0-301F-11D3-BF4B-00C04F79EFBC}") = "MvvmXF.Android", "MvvmXF\MvvmXF.Android\MvvmXF.Android.csproj", "{F38801C0-0966-4A8D-B3EB-956A0917A282}"
EndProject
Project("{FAE04EC0-301F-11D3-BF4B-00C04F79EFBC}") = "MvvmXF", "MvvmXF\MvvmXF\MvvmXF.csproj", "{C4328566-677C-46C8-8E15-71C47A9A8379}"
EndProject
Project("{FAE04EC0-301F-11D3-BF4B-00C04F79EFBC}") = "MvvmXF.UWP", "MvvmXF\MvvmXF.UWP\MvvmXF.UWP.csproj", "{0FDD9258-ED1C-49F2-B013-6578436ED292}"
EndProject
Project("{FAE04EC0-301F-11D3-BF4B-00C04F79EFBC}") = "MvvmXF.iOS", "MvvmXF\MvvmXF.iOS\MvvmXF.iOS.csproj", "{9162FEE5-10FC-4BE2-B360-7688FE5B77BD}"
EndProject
Project("{2150E333-8FDC-42A3-9474-1A3956D46DE8}") = "UnitTesting", "UnitTesting", "{2BB95937-42F4-461C-A0B5-1420D9091EF7}"
EndProject
Project("{FAE04EC0-301F-11D3-BF4B-00C04F79EFBC}") = "UnitTestProject1", "UnitTestProject1\UnitTestProject1.csproj", "{2F592C9E-F055-47B0-93D5-DA368905007B}"
EndProject
Global
	GlobalSection(SolutionConfigurationPlatforms) = preSolution
		Ad-Hoc|Any CPU = Ad-Hoc|Any CPU
		Ad-Hoc|ARM = Ad-Hoc|ARM
		Ad-Hoc|iPhone = Ad-Hoc|iPhone
		Ad-Hoc|iPhoneSimulator = Ad-Hoc|iPhoneSimulator
		Ad-Hoc|x64 = Ad-Hoc|x64
		Ad-Hoc|x86 = Ad-Hoc|x86
		AppStore|Any CPU = AppStore|Any CPU
		AppStore|ARM = AppStore|ARM
		AppStore|iPhone = AppStore|iPhone
		AppStore|iPhoneSimulator = AppStore|iPhoneSimulator
		AppStore|x64 = AppStore|x64
		AppStore|x86 = AppStore|x86
		Debug|Any CPU = Debug|Any CPU
		Debug|ARM = Debug|ARM
		Debug|iPhone = Debug|iPhone
		Debug|iPhoneSimulator = Debug|iPhoneSimulator
		Debug|x64 = Debug|x64
		Debug|x86 = Debug|x86
		Release|Any CPU = Release|Any CPU
		Release|ARM = Release|ARM
		Release|iPhone = Release|iPhone
		Release|iPhoneSimulator = Release|iPhoneSimulator
		Release|x64 = Release|x64
		Release|x86 = Release|x86
	EndGlobalSection
	GlobalSection(ProjectConfigurationPlatforms) = postSolution
		{F38801C0-0966-4A8D-B3EB-956A0917A282}.Ad-Hoc|Any CPU.ActiveCfg = Release|Any CPU
		{F38801C0-0966-4A8D-B3EB-956A0917A282}.Ad-Hoc|Any CPU.Build.0 = Release|Any CPU
		{F38801C0-0966-4A8D-B3EB-956A0917A282}.Ad-Hoc|Any CPU.Deploy.0 = Release|Any CPU
		{F38801C0-0966-4A8D-B3EB-956A0917A282}.Ad-Hoc|ARM.ActiveCfg = Release|Any CPU
		{F38801C0-0966-4A8D-B3EB-956A0917A282}.Ad-Hoc|ARM.Build.0 = Release|Any CPU
		{F38801C0-0966-4A8D-B3EB-956A0917A282}.Ad-Hoc|ARM.Deploy.0 = Release|Any CPU
		{F38801C0-0966-4A8D-B3EB-956A0917A282}.Ad-Hoc|iPhone.ActiveCfg = Release|Any CPU
		{F38801C0-0966-4A8D-B3EB-956A0917A282}.Ad-Hoc|iPhone.Build.0 = Release|Any CPU
		{F38801C0-0966-4A8D-B3EB-956A0917A282}.Ad-Hoc|iPhone.Deploy.0 = Release|Any CPU
		{F38801C0-0966-4A8D-B3EB-956A0917A282}.Ad-Hoc|iPhoneSimulator.ActiveCfg = Release|Any CPU
		{F38801C0-0966-4A8D-B3EB-956A0917A282}.Ad-Hoc|iPhoneSimulator.Build.0 = Release|Any CPU
		{F38801C0-0966-4A8D-B3EB-956A0917A282}.Ad-Hoc|iPhoneSimulator.Deploy.0 = Release|Any CPU
		{F38801C0-0966-4A8D-B3EB-956A0917A282}.Ad-Hoc|x64.ActiveCfg = Release|Any CPU
		{F38801C0-0966-4A8D-B3EB-956A0917A282}.Ad-Hoc|x64.Build.0 = Release|Any CPU
		{F38801C0-0966-4A8D-B3EB-956A0917A282}.Ad-Hoc|x64.Deploy.0 = Release|Any CPU
		{F38801C0-0966-4A8D-B3EB-956A0917A282}.Ad-Hoc|x86.ActiveCfg = Release|Any CPU
		{F38801C0-0966-4A8D-B3EB-956A0917A282}.Ad-Hoc|x86.Build.0 = Release|Any CPU
		{F38801C0-0966-4A8D-B3EB-956A0917A282}.Ad-Hoc|x86.Deploy.0 = Release|Any CPU
		{F38801C0-0966-4A8D-B3EB-956A0917A282}.AppStore|Any CPU.ActiveCfg = Release|Any CPU
		{F38801C0-0966-4A8D-B3EB-956A0917A282}.AppStore|Any CPU.Build.0 = Release|Any CPU
		{F38801C0-0966-4A8D-B3EB-956A0917A282}.AppStore|Any CPU.Deploy.0 = Release|Any CPU
		{F38801C0-0966-4A8D-B3EB-956A0917A282}.AppStore|ARM.ActiveCfg = Release|Any CPU
		{F38801C0-0966-4A8D-B3EB-956A0917A282}.AppStore|ARM.Build.0 = Release|Any CPU
		{F38801C0-0966-4A8D-B3EB-956A0917A282}.AppStore|ARM.Deploy.0 = Release|Any CPU
		{F38801C0-0966-4A8D-B3EB-956A0917A282}.AppStore|iPhone.ActiveCfg = Release|Any CPU
		{F38801C0-0966-4A8D-B3EB-956A0917A282}.AppStore|iPhone.Build.0 = Release|Any CPU
		{F38801C0-0966-4A8D-B3EB-956A0917A282}.AppStore|iPhone.Deploy.0 = Release|Any CPU
		{F38801C0-0966-4A8D-B3EB-956A0917A282}.AppStore|iPhoneSimulator.ActiveCfg = Release|Any CPU
		{F38801C0-0966-4A8D-B3EB-956A0917A282}.AppStore|iPhoneSimulator.Build.0 = Release|Any CPU
		{F38801C0-0966-4A8D-B3EB-956A0917A282}.AppStore|iPhoneSimulator.Deploy.0 = Release|Any CPU
		{F38801C0-0966-4A8D-B3EB-956A0917A282}.AppStore|x64.ActiveCfg = Release|Any CPU
		{F38801C0-0966-4A8D-B3EB-956A0917A282}.AppStore|x64.Build.0 = Release|Any CPU
		{F38801C0-0966-4A8D-B3EB-956A0917A282}.AppStore|x64.Deploy.0 = Release|Any CPU
		{F38801C0-0966-4A8D-B3EB-956A0917A282}.AppStore|x86.ActiveCfg = Release|Any CPU
		{F38801C0-0966-4A8D-B3EB-956A0917A282}.AppStore|x86.Build.0 = Release|Any CPU
		{F38801C0-0966-4A8D-B3EB-956A0917A282}.AppStore|x86.Deploy.0 = Release|Any CPU
		{F38801C0-0966-4A8D-B3EB-956A0917A282}.Debug|Any CPU.ActiveCfg = Debug|Any CPU
		{F38801C0-0966-4A8D-B3EB-956A0917A282}.Debug|Any CPU.Build.0 = Debug|Any CPU
		{F38801C0-0966-4A8D-B3EB-956A0917A282}.Debug|Any CPU.Deploy.0 = Debug|Any CPU
		{F38801C0-0966-4A8D-B3EB-956A0917A282}.Debug|ARM.ActiveCfg = Debug|Any CPU
		{F38801C0-0966-4A8D-B3EB-956A0917A282}.Debug|ARM.Build.0 = Debug|Any CPU
		{F38801C0-0966-4A8D-B3EB-956A0917A282}.Debug|ARM.Deploy.0 = Debug|Any CPU
		{F38801C0-0966-4A8D-B3EB-956A0917A282}.Debug|iPhone.ActiveCfg = Debug|Any CPU
		{F38801C0-0966-4A8D-B3EB-956A0917A282}.Debug|iPhone.Build.0 = Debug|Any CPU
		{F38801C0-0966-4A8D-B3EB-956A0917A282}.Debug|iPhone.Deploy.0 = Debug|Any CPU
		{F38801C0-0966-4A8D-B3EB-956A0917A282}.Debug|iPhoneSimulator.ActiveCfg = Debug|Any CPU
		{F38801C0-0966-4A8D-B3EB-956A0917A282}.Debug|iPhoneSimulator.Build.0 = Debug|Any CPU
		{F38801C0-0966-4A8D-B3EB-956A0917A282}.Debug|iPhoneSimulator.Deploy.0 = Debug|Any CPU
		{F38801C0-0966-4A8D-B3EB-956A0917A282}.Debug|x64.ActiveCfg = Debug|Any CPU
		{F38801C0-0966-4A8D-B3EB-956A0917A282}.Debug|x64.Build.0 = Debug|Any CPU
		{F38801C0-0966-4A8D-B3EB-956A0917A282}.Debug|x64.Deploy.0 = Debug|Any CPU
		{F38801C0-0966-4A8D-B3EB-956A0917A282}.Debug|x86.ActiveCfg = Debug|Any CPU
		{F38801C0-0966-4A8D-B3EB-956A0917A282}.Debug|x86.Build.0 = Debug|Any CPU
		{F38801C0-0966-4A8D-B3EB-956A0917A282}.Debug|x86.Deploy.0 = Debug|Any CPU
		{F38801C0-0966-4A8D-B3EB-956A0917A282}.Release|Any CPU.ActiveCfg = Release|Any CPU
		{F38801C0-0966-4A8D-B3EB-956A0917A282}.Release|Any CPU.Build.0 = Release|Any CPU
		{F38801C0-0966-4A8D-B3EB-956A0917A282}.Release|Any CPU.Deploy.0 = Release|Any CPU
		{F38801C0-0966-4A8D-B3EB-956A0917A282}.Release|ARM.ActiveCfg = Release|Any CPU
		{F38801C0-0966-4A8D-B3EB-956A0917A282}.Release|ARM.Build.0 = Release|Any CPU
		{F38801C0-0966-4A8D-B3EB-956A0917A282}.Release|ARM.Deploy.0 = Release|Any CPU
		{F38801C0-0966-4A8D-B3EB-956A0917A282}.Release|iPhone.ActiveCfg = Release|Any CPU
		{F38801C0-0966-4A8D-B3EB-956A0917A282}.Release|iPhone.Build.0 = Release|Any CPU
		{F38801C0-0966-4A8D-B3EB-956A0917A282}.Release|iPhone.Deploy.0 = Release|Any CPU
		{F38801C0-0966-4A8D-B3EB-956A0917A282}.Release|iPhoneSimulator.ActiveCfg = Release|Any CPU
		{F38801C0-0966-4A8D-B3EB-956A0917A282}.Release|iPhoneSimulator.Build.0 = Release|Any CPU
		{F38801C0-0966-4A8D-B3EB-956A0917A282}.Release|iPhoneSimulator.Deploy.0 = Release|Any CPU
		{F38801C0-0966-4A8D-B3EB-956A0917A282}.Release|x64.ActiveCfg = Release|Any CPU
		{F38801C0-0966-4A8D-B3EB-956A0917A282}.Release|x64.Build.0 = Release|Any CPU
		{F38801C0-0966-4A8D-B3EB-956A0917A282}.Release|x64.Deploy.0 = Release|Any CPU
		{F38801C0-0966-4A8D-B3EB-956A0917A282}.Release|x86.ActiveCfg = Release|Any CPU
		{F38801C0-0966-4A8D-B3EB-956A0917A282}.Release|x86.Build.0 = Release|Any CPU
		{F38801C0-0966-4A8D-B3EB-956A0917A282}.Release|x86.Deploy.0 = Release|Any CPU
		{C4328566-677C-46C8-8E15-71C47A9A8379}.Ad-Hoc|Any CPU.ActiveCfg = Release|Any CPU
		{C4328566-677C-46C8-8E15-71C47A9A8379}.Ad-Hoc|Any CPU.Build.0 = Release|Any CPU
		{C4328566-677C-46C8-8E15-71C47A9A8379}.Ad-Hoc|ARM.ActiveCfg = Release|Any CPU
		{C4328566-677C-46C8-8E15-71C47A9A8379}.Ad-Hoc|ARM.Build.0 = Release|Any CPU
		{C4328566-677C-46C8-8E15-71C47A9A8379}.Ad-Hoc|iPhone.ActiveCfg = Release|Any CPU
		{C4328566-677C-46C8-8E15-71C47A9A8379}.Ad-Hoc|iPhone.Build.0 = Release|Any CPU
		{C4328566-677C-46C8-8E15-71C47A9A8379}.Ad-Hoc|iPhoneSimulator.ActiveCfg = Release|Any CPU
		{C4328566-677C-46C8-8E15-71C47A9A8379}.Ad-Hoc|iPhoneSimulator.Build.0 = Release|Any CPU
		{C4328566-677C-46C8-8E15-71C47A9A8379}.Ad-Hoc|x64.ActiveCfg = Release|Any CPU
		{C4328566-677C-46C8-8E15-71C47A9A8379}.Ad-Hoc|x64.Build.0 = Release|Any CPU
		{C4328566-677C-46C8-8E15-71C47A9A8379}.Ad-Hoc|x86.ActiveCfg = Release|Any CPU
		{C4328566-677C-46C8-8E15-71C47A9A8379}.Ad-Hoc|x86.Build.0 = Release|Any CPU
		{C4328566-677C-46C8-8E15-71C47A9A8379}.AppStore|Any CPU.ActiveCfg = Release|Any CPU
		{C4328566-677C-46C8-8E15-71C47A9A8379}.AppStore|Any CPU.Build.0 = Release|Any CPU
		{C4328566-677C-46C8-8E15-71C47A9A8379}.AppStore|ARM.ActiveCfg = Release|Any CPU
		{C4328566-677C-46C8-8E15-71C47A9A8379}.AppStore|ARM.Build.0 = Release|Any CPU
		{C4328566-677C-46C8-8E15-71C47A9A8379}.AppStore|iPhone.ActiveCfg = Release|Any CPU
		{C4328566-677C-46C8-8E15-71C47A9A8379}.AppStore|iPhone.Build.0 = Release|Any CPU
		{C4328566-677C-46C8-8E15-71C47A9A8379}.AppStore|iPhoneSimulator.ActiveCfg = Release|Any CPU
		{C4328566-677C-46C8-8E15-71C47A9A8379}.AppStore|iPhoneSimulator.Build.0 = Release|Any CPU
		{C4328566-677C-46C8-8E15-71C47A9A8379}.AppStore|x64.ActiveCfg = Release|Any CPU
		{C4328566-677C-46C8-8E15-71C47A9A8379}.AppStore|x64.Build.0 = Release|Any CPU
		{C4328566-677C-46C8-8E15-71C47A9A8379}.AppStore|x86.ActiveCfg = Release|Any CPU
		{C4328566-677C-46C8-8E15-71C47A9A8379}.AppStore|x86.Build.0 = Release|Any CPU
		{C4328566-677C-46C8-8E15-71C47A9A8379}.Debug|Any CPU.ActiveCfg = Debug|Any CPU
		{C4328566-677C-46C8-8E15-71C47A9A8379}.Debug|Any CPU.Build.0 = Debug|Any CPU
		{C4328566-677C-46C8-8E15-71C47A9A8379}.Debug|ARM.ActiveCfg = Debug|Any CPU
		{C4328566-677C-46C8-8E15-71C47A9A8379}.Debug|ARM.Build.0 = Debug|Any CPU
		{C4328566-677C-46C8-8E15-71C47A9A8379}.Debug|iPhone.ActiveCfg = Debug|Any CPU
		{C4328566-677C-46C8-8E15-71C47A9A8379}.Debug|iPhone.Build.0 = Debug|Any CPU
		{C4328566-677C-46C8-8E15-71C47A9A8379}.Debug|iPhoneSimulator.ActiveCfg = Debug|Any CPU
		{C4328566-677C-46C8-8E15-71C47A9A8379}.Debug|iPhoneSimulator.Build.0 = Debug|Any CPU
		{C4328566-677C-46C8-8E15-71C47A9A8379}.Debug|x64.ActiveCfg = Debug|Any CPU
		{C4328566-677C-46C8-8E15-71C47A9A8379}.Debug|x64.Build.0 = Debug|Any CPU
		{C4328566-677C-46C8-8E15-71C47A9A8379}.Debug|x86.ActiveCfg = Debug|Any CPU
		{C4328566-677C-46C8-8E15-71C47A9A8379}.Debug|x86.Build.0 = Debug|Any CPU
		{C4328566-677C-46C8-8E15-71C47A9A8379}.Release|Any CPU.ActiveCfg = Release|Any CPU
		{C4328566-677C-46C8-8E15-71C47A9A8379}.Release|Any CPU.Build.0 = Release|Any CPU
		{C4328566-677C-46C8-8E15-71C47A9A8379}.Release|ARM.ActiveCfg = Release|Any CPU
		{C4328566-677C-46C8-8E15-71C47A9A8379}.Release|ARM.Build.0 = Release|Any CPU
		{C4328566-677C-46C8-8E15-71C47A9A8379}.Release|iPhone.ActiveCfg = Release|Any CPU
		{C4328566-677C-46C8-8E15-71C47A9A8379}.Release|iPhone.Build.0 = Release|Any CPU
		{C4328566-677C-46C8-8E15-71C47A9A8379}.Release|iPhoneSimulator.ActiveCfg = Release|Any CPU
		{C4328566-677C-46C8-8E15-71C47A9A8379}.Release|iPhoneSimulator.Build.0 = Release|Any CPU
		{C4328566-677C-46C8-8E15-71C47A9A8379}.Release|x64.ActiveCfg = Release|Any CPU
		{C4328566-677C-46C8-8E15-71C47A9A8379}.Release|x64.Build.0 = Release|Any CPU
		{C4328566-677C-46C8-8E15-71C47A9A8379}.Release|x86.ActiveCfg = Release|Any CPU
		{C4328566-677C-46C8-8E15-71C47A9A8379}.Release|x86.Build.0 = Release|Any CPU
		{0FDD9258-ED1C-49F2-B013-6578436ED292}.Ad-Hoc|Any CPU.ActiveCfg = Release|x86
		{0FDD9258-ED1C-49F2-B013-6578436ED292}.Ad-Hoc|Any CPU.Build.0 = Release|x86
		{0FDD9258-ED1C-49F2-B013-6578436ED292}.Ad-Hoc|Any CPU.Deploy.0 = Release|x86
		{0FDD9258-ED1C-49F2-B013-6578436ED292}.Ad-Hoc|ARM.ActiveCfg = Release|ARM
		{0FDD9258-ED1C-49F2-B013-6578436ED292}.Ad-Hoc|ARM.Build.0 = Release|ARM
		{0FDD9258-ED1C-49F2-B013-6578436ED292}.Ad-Hoc|ARM.Deploy.0 = Release|ARM
		{0FDD9258-ED1C-49F2-B013-6578436ED292}.Ad-Hoc|iPhone.ActiveCfg = Release|x86
		{0FDD9258-ED1C-49F2-B013-6578436ED292}.Ad-Hoc|iPhone.Build.0 = Release|x86
		{0FDD9258-ED1C-49F2-B013-6578436ED292}.Ad-Hoc|iPhone.Deploy.0 = Release|x86
		{0FDD9258-ED1C-49F2-B013-6578436ED292}.Ad-Hoc|iPhoneSimulator.ActiveCfg = Release|x86
		{0FDD9258-ED1C-49F2-B013-6578436ED292}.Ad-Hoc|iPhoneSimulator.Build.0 = Release|x86
		{0FDD9258-ED1C-49F2-B013-6578436ED292}.Ad-Hoc|iPhoneSimulator.Deploy.0 = Release|x86
		{0FDD9258-ED1C-49F2-B013-6578436ED292}.Ad-Hoc|x64.ActiveCfg = Release|x64
		{0FDD9258-ED1C-49F2-B013-6578436ED292}.Ad-Hoc|x64.Build.0 = Release|x64
		{0FDD9258-ED1C-49F2-B013-6578436ED292}.Ad-Hoc|x64.Deploy.0 = Release|x64
		{0FDD9258-ED1C-49F2-B013-6578436ED292}.Ad-Hoc|x86.ActiveCfg = Release|x86
		{0FDD9258-ED1C-49F2-B013-6578436ED292}.Ad-Hoc|x86.Build.0 = Release|x86
		{0FDD9258-ED1C-49F2-B013-6578436ED292}.Ad-Hoc|x86.Deploy.0 = Release|x86
		{0FDD9258-ED1C-49F2-B013-6578436ED292}.AppStore|Any CPU.ActiveCfg = Release|x86
		{0FDD9258-ED1C-49F2-B013-6578436ED292}.AppStore|Any CPU.Build.0 = Release|x86
		{0FDD9258-ED1C-49F2-B013-6578436ED292}.AppStore|Any CPU.Deploy.0 = Release|x86
		{0FDD9258-ED1C-49F2-B013-6578436ED292}.AppStore|ARM.ActiveCfg = Release|ARM
		{0FDD9258-ED1C-49F2-B013-6578436ED292}.AppStore|ARM.Build.0 = Release|ARM
		{0FDD9258-ED1C-49F2-B013-6578436ED292}.AppStore|ARM.Deploy.0 = Release|ARM
		{0FDD9258-ED1C-49F2-B013-6578436ED292}.AppStore|iPhone.ActiveCfg = Release|x86
		{0FDD9258-ED1C-49F2-B013-6578436ED292}.AppStore|iPhone.Build.0 = Release|x86
		{0FDD9258-ED1C-49F2-B013-6578436ED292}.AppStore|iPhone.Deploy.0 = Release|x86
		{0FDD9258-ED1C-49F2-B013-6578436ED292}.AppStore|iPhoneSimulator.ActiveCfg = Release|x86
		{0FDD9258-ED1C-49F2-B013-6578436ED292}.AppStore|iPhoneSimulator.Build.0 = Release|x86
		{0FDD9258-ED1C-49F2-B013-6578436ED292}.AppStore|iPhoneSimulator.Deploy.0 = Release|x86
		{0FDD9258-ED1C-49F2-B013-6578436ED292}.AppStore|x64.ActiveCfg = Release|x64
		{0FDD9258-ED1C-49F2-B013-6578436ED292}.AppStore|x64.Build.0 = Release|x64
		{0FDD9258-ED1C-49F2-B013-6578436ED292}.AppStore|x64.Deploy.0 = Release|x64
		{0FDD9258-ED1C-49F2-B013-6578436ED292}.AppStore|x86.ActiveCfg = Release|x86
		{0FDD9258-ED1C-49F2-B013-6578436ED292}.AppStore|x86.Build.0 = Release|x86
		{0FDD9258-ED1C-49F2-B013-6578436ED292}.AppStore|x86.Deploy.0 = Release|x86
		{0FDD9258-ED1C-49F2-B013-6578436ED292}.Debug|Any CPU.ActiveCfg = Debug|x86
		{0FDD9258-ED1C-49F2-B013-6578436ED292}.Debug|Any CPU.Build.0 = Debug|x86
		{0FDD9258-ED1C-49F2-B013-6578436ED292}.Debug|Any CPU.Deploy.0 = Debug|x86
		{0FDD9258-ED1C-49F2-B013-6578436ED292}.Debug|ARM.ActiveCfg = Debug|ARM
		{0FDD9258-ED1C-49F2-B013-6578436ED292}.Debug|ARM.Build.0 = Debug|ARM
		{0FDD9258-ED1C-49F2-B013-6578436ED292}.Debug|ARM.Deploy.0 = Debug|ARM
		{0FDD9258-ED1C-49F2-B013-6578436ED292}.Debug|iPhone.ActiveCfg = Debug|x86
		{0FDD9258-ED1C-49F2-B013-6578436ED292}.Debug|iPhoneSimulator.ActiveCfg = Debug|x86
		{0FDD9258-ED1C-49F2-B013-6578436ED292}.Debug|x64.ActiveCfg = Debug|x64
		{0FDD9258-ED1C-49F2-B013-6578436ED292}.Debug|x64.Build.0 = Debug|x64
		{0FDD9258-ED1C-49F2-B013-6578436ED292}.Debug|x64.Deploy.0 = Debug|x64
		{0FDD9258-ED1C-49F2-B013-6578436ED292}.Debug|x86.ActiveCfg = Debug|x86
		{0FDD9258-ED1C-49F2-B013-6578436ED292}.Debug|x86.Build.0 = Debug|x86
		{0FDD9258-ED1C-49F2-B013-6578436ED292}.Debug|x86.Deploy.0 = Debug|x86
		{0FDD9258-ED1C-49F2-B013-6578436ED292}.Release|Any CPU.ActiveCfg = Release|x86
		{0FDD9258-ED1C-49F2-B013-6578436ED292}.Release|ARM.ActiveCfg = Release|ARM
		{0FDD9258-ED1C-49F2-B013-6578436ED292}.Release|ARM.Build.0 = Release|ARM
		{0FDD9258-ED1C-49F2-B013-6578436ED292}.Release|ARM.Deploy.0 = Release|ARM
		{0FDD9258-ED1C-49F2-B013-6578436ED292}.Release|iPhone.ActiveCfg = Release|x86
		{0FDD9258-ED1C-49F2-B013-6578436ED292}.Release|iPhoneSimulator.ActiveCfg = Release|x86
		{0FDD9258-ED1C-49F2-B013-6578436ED292}.Release|x64.ActiveCfg = Release|x64
		{0FDD9258-ED1C-49F2-B013-6578436ED292}.Release|x64.Build.0 = Release|x64
		{0FDD9258-ED1C-49F2-B013-6578436ED292}.Release|x64.Deploy.0 = Release|x64
		{0FDD9258-ED1C-49F2-B013-6578436ED292}.Release|x86.ActiveCfg = Release|x86
		{0FDD9258-ED1C-49F2-B013-6578436ED292}.Release|x86.Build.0 = Release|x86
		{0FDD9258-ED1C-49F2-B013-6578436ED292}.Release|x86.Deploy.0 = Release|x86
		{9162FEE5-10FC-4BE2-B360-7688FE5B77BD}.Ad-Hoc|Any CPU.ActiveCfg = Ad-Hoc|iPhone
		{9162FEE5-10FC-4BE2-B360-7688FE5B77BD}.Ad-Hoc|ARM.ActiveCfg = Ad-Hoc|iPhone
		{9162FEE5-10FC-4BE2-B360-7688FE5B77BD}.Ad-Hoc|iPhone.ActiveCfg = Ad-Hoc|iPhone
		{9162FEE5-10FC-4BE2-B360-7688FE5B77BD}.Ad-Hoc|iPhone.Build.0 = Ad-Hoc|iPhone
		{9162FEE5-10FC-4BE2-B360-7688FE5B77BD}.Ad-Hoc|iPhoneSimulator.ActiveCfg = Ad-Hoc|iPhoneSimulator
		{9162FEE5-10FC-4BE2-B360-7688FE5B77BD}.Ad-Hoc|iPhoneSimulator.Build.0 = Ad-Hoc|iPhoneSimulator
		{9162FEE5-10FC-4BE2-B360-7688FE5B77BD}.Ad-Hoc|x64.ActiveCfg = Ad-Hoc|iPhone
		{9162FEE5-10FC-4BE2-B360-7688FE5B77BD}.Ad-Hoc|x86.ActiveCfg = Ad-Hoc|iPhone
		{9162FEE5-10FC-4BE2-B360-7688FE5B77BD}.AppStore|Any CPU.ActiveCfg = AppStore|iPhone
		{9162FEE5-10FC-4BE2-B360-7688FE5B77BD}.AppStore|ARM.ActiveCfg = AppStore|iPhone
		{9162FEE5-10FC-4BE2-B360-7688FE5B77BD}.AppStore|iPhone.ActiveCfg = AppStore|iPhone
		{9162FEE5-10FC-4BE2-B360-7688FE5B77BD}.AppStore|iPhone.Build.0 = AppStore|iPhone
		{9162FEE5-10FC-4BE2-B360-7688FE5B77BD}.AppStore|iPhoneSimulator.ActiveCfg = AppStore|iPhoneSimulator
		{9162FEE5-10FC-4BE2-B360-7688FE5B77BD}.AppStore|iPhoneSimulator.Build.0 = AppStore|iPhoneSimulator
		{9162FEE5-10FC-4BE2-B360-7688FE5B77BD}.AppStore|x64.ActiveCfg = AppStore|iPhone
		{9162FEE5-10FC-4BE2-B360-7688FE5B77BD}.AppStore|x86.ActiveCfg = AppStore|iPhone
		{9162FEE5-10FC-4BE2-B360-7688FE5B77BD}.Debug|Any CPU.ActiveCfg = Debug|iPhone
		{9162FEE5-10FC-4BE2-B360-7688FE5B77BD}.Debug|ARM.ActiveCfg = Debug|iPhone
		{9162FEE5-10FC-4BE2-B360-7688FE5B77BD}.Debug|iPhone.ActiveCfg = Debug|iPhone
		{9162FEE5-10FC-4BE2-B360-7688FE5B77BD}.Debug|iPhone.Build.0 = Debug|iPhone
		{9162FEE5-10FC-4BE2-B360-7688FE5B77BD}.Debug|iPhoneSimulator.ActiveCfg = Debug|iPhoneSimulator
		{9162FEE5-10FC-4BE2-B360-7688FE5B77BD}.Debug|iPhoneSimulator.Build.0 = Debug|iPhoneSimulator
		{9162FEE5-10FC-4BE2-B360-7688FE5B77BD}.Debug|x64.ActiveCfg = Debug|iPhone
		{9162FEE5-10FC-4BE2-B360-7688FE5B77BD}.Debug|x86.ActiveCfg = Debug|iPhone
		{9162FEE5-10FC-4BE2-B360-7688FE5B77BD}.Release|Any CPU.ActiveCfg = Release|iPhone
		{9162FEE5-10FC-4BE2-B360-7688FE5B77BD}.Release|ARM.ActiveCfg = Release|iPhone
		{9162FEE5-10FC-4BE2-B360-7688FE5B77BD}.Release|iPhone.ActiveCfg = Release|iPhone
		{9162FEE5-10FC-4BE2-B360-7688FE5B77BD}.Release|iPhone.Build.0 = Release|iPhone
		{9162FEE5-10FC-4BE2-B360-7688FE5B77BD}.Release|iPhoneSimulator.ActiveCfg = Release|iPhoneSimulator
		{9162FEE5-10FC-4BE2-B360-7688FE5B77BD}.Release|iPhoneSimulator.Build.0 = Release|iPhoneSimulator
		{9162FEE5-10FC-4BE2-B360-7688FE5B77BD}.Release|x64.ActiveCfg = Release|iPhone
		{9162FEE5-10FC-4BE2-B360-7688FE5B77BD}.Release|x86.ActiveCfg = Release|iPhone
		{2F592C9E-F055-47B0-93D5-DA368905007B}.Ad-Hoc|Any CPU.ActiveCfg = Release|Any CPU
		{2F592C9E-F055-47B0-93D5-DA368905007B}.Ad-Hoc|Any CPU.Build.0 = Release|Any CPU
		{2F592C9E-F055-47B0-93D5-DA368905007B}.Ad-Hoc|ARM.ActiveCfg = Release|Any CPU
		{2F592C9E-F055-47B0-93D5-DA368905007B}.Ad-Hoc|ARM.Build.0 = Release|Any CPU
		{2F592C9E-F055-47B0-93D5-DA368905007B}.Ad-Hoc|iPhone.ActiveCfg = Release|Any CPU
		{2F592C9E-F055-47B0-93D5-DA368905007B}.Ad-Hoc|iPhone.Build.0 = Release|Any CPU
		{2F592C9E-F055-47B0-93D5-DA368905007B}.Ad-Hoc|iPhoneSimulator.ActiveCfg = Release|Any CPU
		{2F592C9E-F055-47B0-93D5-DA368905007B}.Ad-Hoc|iPhoneSimulator.Build.0 = Release|Any CPU
		{2F592C9E-F055-47B0-93D5-DA368905007B}.Ad-Hoc|x64.ActiveCfg = Release|Any CPU
		{2F592C9E-F055-47B0-93D5-DA368905007B}.Ad-Hoc|x64.Build.0 = Release|Any CPU
		{2F592C9E-F055-47B0-93D5-DA368905007B}.Ad-Hoc|x86.ActiveCfg = Release|Any CPU
		{2F592C9E-F055-47B0-93D5-DA368905007B}.Ad-Hoc|x86.Build.0 = Release|Any CPU
		{2F592C9E-F055-47B0-93D5-DA368905007B}.AppStore|Any CPU.ActiveCfg = Release|Any CPU
		{2F592C9E-F055-47B0-93D5-DA368905007B}.AppStore|Any CPU.Build.0 = Release|Any CPU
		{2F592C9E-F055-47B0-93D5-DA368905007B}.AppStore|ARM.ActiveCfg = Release|Any CPU
		{2F592C9E-F055-47B0-93D5-DA368905007B}.AppStore|ARM.Build.0 = Release|Any CPU
		{2F592C9E-F055-47B0-93D5-DA368905007B}.AppStore|iPhone.ActiveCfg = Release|Any CPU
		{2F592C9E-F055-47B0-93D5-DA368905007B}.AppStore|iPhone.Build.0 = Release|Any CPU
		{2F592C9E-F055-47B0-93D5-DA368905007B}.AppStore|iPhoneSimulator.ActiveCfg = Release|Any CPU
		{2F592C9E-F055-47B0-93D5-DA368905007B}.AppStore|iPhoneSimulator.Build.0 = Release|Any CPU
		{2F592C9E-F055-47B0-93D5-DA368905007B}.AppStore|x64.ActiveCfg = Release|Any CPU
		{2F592C9E-F055-47B0-93D5-DA368905007B}.AppStore|x64.Build.0 = Release|Any CPU
		{2F592C9E-F055-47B0-93D5-DA368905007B}.AppStore|x86.ActiveCfg = Release|Any CPU
		{2F592C9E-F055-47B0-93D5-DA368905007B}.AppStore|x86.Build.0 = Release|Any CPU
		{2F592C9E-F055-47B0-93D5-DA368905007B}.Debug|Any CPU.ActiveCfg = Debug|Any CPU
		{2F592C9E-F055-47B0-93D5-DA368905007B}.Debug|Any CPU.Build.0 = Debug|Any CPU
		{2F592C9E-F055-47B0-93D5-DA368905007B}.Debug|ARM.ActiveCfg = Debug|Any CPU
		{2F592C9E-F055-47B0-93D5-DA368905007B}.Debug|ARM.Build.0 = Debug|Any CPU
		{2F592C9E-F055-47B0-93D5-DA368905007B}.Debug|iPhone.ActiveCfg = Debug|Any CPU
		{2F592C9E-F055-47B0-93D5-DA368905007B}.Debug|iPhone.Build.0 = Debug|Any CPU
		{2F592C9E-F055-47B0-93D5-DA368905007B}.Debug|iPhoneSimulator.ActiveCfg = Debug|Any CPU
		{2F592C9E-F055-47B0-93D5-DA368905007B}.Debug|iPhoneSimulator.Build.0 = Debug|Any CPU
		{2F592C9E-F055-47B0-93D5-DA368905007B}.Debug|x64.ActiveCfg = Debug|Any CPU
		{2F592C9E-F055-47B0-93D5-DA368905007B}.Debug|x64.Build.0 = Debug|Any CPU
		{2F592C9E-F055-47B0-93D5-DA368905007B}.Debug|x86.ActiveCfg = Debug|Any CPU
		{2F592C9E-F055-47B0-93D5-DA368905007B}.Debug|x86.Build.0 = Debug|Any CPU
		{2F592C9E-F055-47B0-93D5-DA368905007B}.Release|Any CPU.ActiveCfg = Release|Any CPU
		{2F592C9E-F055-47B0-93D5-DA368905007B}.Release|Any CPU.Build.0 = Release|Any CPU
		{2F592C9E-F055-47B0-93D5-DA368905007B}.Release|ARM.ActiveCfg = Release|Any CPU
		{2F592C9E-F055-47B0-93D5-DA368905007B}.Release|ARM.Build.0 = Release|Any CPU
		{2F592C9E-F055-47B0-93D5-DA368905007B}.Release|iPhone.ActiveCfg = Release|Any CPU
		{2F592C9E-F055-47B0-93D5-DA368905007B}.Release|iPhone.Build.0 = Release|Any CPU
		{2F592C9E-F055-47B0-93D5-DA368905007B}.Release|iPhoneSimulator.ActiveCfg = Release|Any CPU
		{2F592C9E-F055-47B0-93D5-DA368905007B}.Release|iPhoneSimulator.Build.0 = Release|Any CPU
		{2F592C9E-F055-47B0-93D5-DA368905007B}.Release|x64.ActiveCfg = Release|Any CPU
		{2F592C9E-F055-47B0-93D5-DA368905007B}.Release|x64.Build.0 = Release|Any CPU
		{2F592C9E-F055-47B0-93D5-DA368905007B}.Release|x86.ActiveCfg = Release|Any CPU
		{2F592C9E-F055-47B0-93D5-DA368905007B}.Release|x86.Build.0 = Release|Any CPU
	EndGlobalSection
	GlobalSection(SolutionProperties) = preSolution
		HideSolutionNode = FALSE
	EndGlobalSection
	GlobalSection(NestedProjects) = preSolution
		{2F592C9E-F055-47B0-93D5-DA368905007B} = {2BB95937-42F4-461C-A0B5-1420D9091EF7}
	EndGlobalSection
EndGlobal
