
Microsoft Visual Studio Solution File, Format Version 12.00
# Visual Studio 2012
Project("{FAE04EC0-301F-11D3-BF4B-00C04F79EFBC}") = "PDCognitive", "PDCognitive\PDCognitive.csproj", "{DE797B9A-95A4-4FAB-BF4C-71EFEEF2D800}"
EndProject
Project("{FAE04EC0-301F-11D3-BF4B-00C04F79EFBC}") = "PDCognitive.iOS", "iOS\PDCognitive.iOS.csproj", "{726F2DD6-3385-4831-BE74-3AB327A4D181}"
EndProject
Project("{FAE04EC0-301F-11D3-BF4B-00C04F79EFBC}") = "PDCognitive.Droid", "Droid\PDCognitive.Droid.csproj", "{ACCC8D33-2C13-46F7-909C-2442D3876A5F}"
EndProject
Global
	GlobalSection(SolutionConfigurationPlatforms) = preSolution
		Debug|Any CPU = Debug|Any CPU
		Release|Any CPU = Release|Any CPU
		Debug|iPhoneSimulator = Debug|iPhoneSimulator
		Release|iPhone = Release|iPhone
		Release|iPhoneSimulator = Release|iPhoneSimulator
		Debug|iPhone = Debug|iPhone
	EndGlobalSection
	GlobalSection(ProjectConfigurationPlatforms) = postSolution
		{DE797B9A-95A4-4FAB-BF4C-71EFEEF2D800}.Debug|Any CPU.ActiveCfg = Debug|Any CPU
		{DE797B9A-95A4-4FAB-BF4C-71EFEEF2D800}.Debug|Any CPU.Build.0 = Debug|Any CPU
		{DE797B9A-95A4-4FAB-BF4C-71EFEEF2D800}.Release|Any CPU.ActiveCfg = Release|Any CPU
		{DE797B9A-95A4-4FAB-BF4C-71EFEEF2D800}.Release|Any CPU.Build.0 = Release|Any CPU
		{DE797B9A-95A4-4FAB-BF4C-71EFEEF2D800}.Debug|iPhoneSimulator.ActiveCfg = Debug|Any CPU
		{DE797B9A-95A4-4FAB-BF4C-71EFEEF2D800}.Debug|iPhoneSimulator.Build.0 = Debug|Any CPU
		{DE797B9A-95A4-4FAB-BF4C-71EFEEF2D800}.Release|iPhone.ActiveCfg = Release|Any CPU
		{DE797B9A-95A4-4FAB-BF4C-71EFEEF2D800}.Release|iPhone.Build.0 = Release|Any CPU
		{DE797B9A-95A4-4FAB-BF4C-71EFEEF2D800}.Release|iPhoneSimulator.ActiveCfg = Release|Any CPU
		{DE797B9A-95A4-4FAB-BF4C-71EFEEF2D800}.Release|iPhoneSimulator.Build.0 = Release|Any CPU
		{DE797B9A-95A4-4FAB-BF4C-71EFEEF2D800}.Debug|iPhone.ActiveCfg = Debug|Any CPU
		{DE797B9A-95A4-4FAB-BF4C-71EFEEF2D800}.Debug|iPhone.Build.0 = Debug|Any CPU
		{726F2DD6-3385-4831-BE74-3AB327A4D181}.Debug|Any CPU.ActiveCfg = Debug|iPhoneSimulator
		{726F2DD6-3385-4831-BE74-3AB327A4D181}.Debug|Any CPU.Build.0 = Debug|iPhoneSimulator
		{726F2DD6-3385-4831-BE74-3AB327A4D181}.Release|Any CPU.ActiveCfg = Release|iPhone
		{726F2DD6-3385-4831-BE74-3AB327A4D181}.Release|Any CPU.Build.0 = Release|iPhone
		{726F2DD6-3385-4831-BE74-3AB327A4D181}.Debug|iPhoneSimulator.ActiveCfg = Debug|iPhoneSimulator
		{726F2DD6-3385-4831-BE74-3AB327A4D181}.Debug|iPhoneSimulator.Build.0 = Debug|iPhoneSimulator
		{726F2DD6-3385-4831-BE74-3AB327A4D181}.Release|iPhone.ActiveCfg = Release|iPhone
		{726F2DD6-3385-4831-BE74-3AB327A4D181}.Release|iPhone.Build.0 = Release|iPhone
		{726F2DD6-3385-4831-BE74-3AB327A4D181}.Release|iPhoneSimulator.ActiveCfg = Release|iPhoneSimulator
		{726F2DD6-3385-4831-BE74-3AB327A4D181}.Release|iPhoneSimulator.Build.0 = Release|iPhoneSimulator
		{726F2DD6-3385-4831-BE74-3AB327A4D181}.Debug|iPhone.ActiveCfg = Debug|iPhone
		{726F2DD6-3385-4831-BE74-3AB327A4D181}.Debug|iPhone.Build.0 = Debug|iPhone
		{ACCC8D33-2C13-46F7-909C-2442D3876A5F}.Debug|Any CPU.ActiveCfg = Debug|Any CPU
		{ACCC8D33-2C13-46F7-909C-2442D3876A5F}.Debug|Any CPU.Build.0 = Debug|Any CPU
		{ACCC8D33-2C13-46F7-909C-2442D3876A5F}.Release|Any CPU.ActiveCfg = Release|Any CPU
		{ACCC8D33-2C13-46F7-909C-2442D3876A5F}.Release|Any CPU.Build.0 = Release|Any CPU
		{ACCC8D33-2C13-46F7-909C-2442D3876A5F}.Debug|iPhoneSimulator.ActiveCfg = Debug|Any CPU
		{ACCC8D33-2C13-46F7-909C-2442D3876A5F}.Debug|iPhoneSimulator.Build.0 = Debug|Any CPU
		{ACCC8D33-2C13-46F7-909C-2442D3876A5F}.Release|iPhone.ActiveCfg = Release|Any CPU
		{ACCC8D33-2C13-46F7-909C-2442D3876A5F}.Release|iPhone.Build.0 = Release|Any CPU
		{ACCC8D33-2C13-46F7-909C-2442D3876A5F}.Release|iPhoneSimulator.ActiveCfg = Release|Any CPU
		{ACCC8D33-2C13-46F7-909C-2442D3876A5F}.Release|iPhoneSimulator.Build.0 = Release|Any CPU
		{ACCC8D33-2C13-46F7-909C-2442D3876A5F}.Debug|iPhone.ActiveCfg = Debug|Any CPU
		{ACCC8D33-2C13-46F7-909C-2442D3876A5F}.Debug|iPhone.Build.0 = Debug|Any CPU
	EndGlobalSection
EndGlobal
